
Microsoft Visual Studio Solution File, Format Version 12.00
# Visual Studio Version 17
VisualStudioVersion = 17.7.34009.444
MinimumVisualStudioVersion = 10.0.40219.1
Project("{FAE04EC0-301F-11D3-BF4B-00C04F79EFBC}") = "ShiftplanToOutlookCalendar", "ShiftplanToOutlookCalendar.csproj", "{6096EB28-8087-40D9-9D3E-F53BB7F74529}"
EndProject
Global
	GlobalSection(SolutionConfigurationPlatforms) = preSolution
		Debug|Any CPU = Debug|Any CPU
		Release|Any CPU = Release|Any CPU
	EndGlobalSection
	GlobalSection(ProjectConfigurationPlatforms) = postSolution
		{6096EB28-8087-40D9-9D3E-F53BB7F74529}.Debug|Any CPU.ActiveCfg = Debug|Any CPU
		{6096EB28-8087-40D9-9D3E-F53BB7F74529}.Debug|Any CPU.Build.0 = Debug|Any CPU
		{6096EB28-8087-40D9-9D3E-F53BB7F74529}.Release|Any CPU.ActiveCfg = Release|Any CPU
		{6096EB28-8087-40D9-9D3E-F53BB7F74529}.Release|Any CPU.Build.0 = Release|Any CPU
	EndGlobalSection
	GlobalSection(SolutionProperties) = preSolution
		HideSolutionNode = FALSE
	EndGlobalSection
	GlobalSection(ExtensibilityGlobals) = postSolution
		SolutionGuid = {ADF17BFD-6362-466C-AE8F-25911F8AB006}
	EndGlobalSection
EndGlobal
